// !$*UTF8*$!
{
	archiveVersion = 1;
	classes = {
	};
	objectVersion = 55;
	objects = {

/* Begin PBXBuildFile section */
		8C71F9CD2729C02D00BA62EC /* TimesModel.swift in Sources */ = {isa = PBXBuildFile; fileRef = 8C71F9CC2729C02D00BA62EC /* TimesModel.swift */; };
		8C7842A827248DB300BC0337 /* CircleFontView.swift in Sources */ = {isa = PBXBuildFile; fileRef = 8C7842A727248DB300BC0337 /* CircleFontView.swift */; };
		8C7842AB2725860F00BC0337 /* Extensions.swift in Sources */ = {isa = PBXBuildFile; fileRef = 8C7842AA2725860F00BC0337 /* Extensions.swift */; };
		8CC805112719F82B00AF4D99 /* AppDelegate.swift in Sources */ = {isa = PBXBuildFile; fileRef = 8CC805102719F82B00AF4D99 /* AppDelegate.swift */; };
		8CC805132719F82B00AF4D99 /* SceneDelegate.swift in Sources */ = {isa = PBXBuildFile; fileRef = 8CC805122719F82B00AF4D99 /* SceneDelegate.swift */; };
		8CC805152719F82B00AF4D99 /* PomodoroViewController.swift in Sources */ = {isa = PBXBuildFile; fileRef = 8CC805142719F82B00AF4D99 /* PomodoroViewController.swift */; };
		8CC805182719F82B00AF4D99 /* Main.storyboard in Resources */ = {isa = PBXBuildFile; fileRef = 8CC805162719F82B00AF4D99 /* Main.storyboard */; };
		8CC8051B2719F82B00AF4D99 /* Pomodoro.xcdatamodeld in Sources */ = {isa = PBXBuildFile; fileRef = 8CC805192719F82B00AF4D99 /* Pomodoro.xcdatamodeld */; };
		8CC8051D2719F83100AF4D99 /* Assets.xcassets in Resources */ = {isa = PBXBuildFile; fileRef = 8CC8051C2719F83100AF4D99 /* Assets.xcassets */; };
		8CC805202719F83100AF4D99 /* LaunchScreen.storyboard in Resources */ = {isa = PBXBuildFile; fileRef = 8CC8051E2719F83100AF4D99 /* LaunchScreen.storyboard */; };
		8CC8052A271C5E0500AF4D99 /* CustomCIrcleView.swift in Sources */ = {isa = PBXBuildFile; fileRef = 8CC80529271C5E0500AF4D99 /* CustomCIrcleView.swift */; };
		8CFAFF512720B73400D58107 /* SettingsView.swift in Sources */ = {isa = PBXBuildFile; fileRef = 8CFAFF502720B73400D58107 /* SettingsView.swift */; };
		AD00B95927CD6E2800A83D73 /* CustomPicker.swift in Sources */ = {isa = PBXBuildFile; fileRef = AD00B95827CD6E2800A83D73 /* CustomPicker.swift */; };
		AD00B95C27CFB1CA00A83D73 /* Haptics.swift in Sources */ = {isa = PBXBuildFile; fileRef = AD00B95B27CFB1CA00A83D73 /* Haptics.swift */; };
		AD625AD2273693200075EAB6 /* ColorManager.swift in Sources */ = {isa = PBXBuildFile; fileRef = AD625AD1273693200075EAB6 /* ColorManager.swift */; };
		AD7E9FD52730932000F891BF /* CircleColorView.swift in Sources */ = {isa = PBXBuildFile; fileRef = AD7E9FD42730932000F891BF /* CircleColorView.swift */; };
		AD89B8542731C389000F8AEB /* CircleView.swift in Sources */ = {isa = PBXBuildFile; fileRef = AD89B8532731C389000F8AEB /* CircleView.swift */; };
		ADBC64F9275E5FD2001B8599 /* what needs to be done.swift in Sources */ = {isa = PBXBuildFile; fileRef = ADBC64F8275E5FD1001B8599 /* what needs to be done.swift */; };
/* End PBXBuildFile section */

/* Begin PBXFileReference section */
		8C71F9CC2729C02D00BA62EC /* TimesModel.swift */ = {isa = PBXFileReference; lastKnownFileType = sourcecode.swift; path = TimesModel.swift; sourceTree = "<group>"; };
		8C7842A727248DB300BC0337 /* CircleFontView.swift */ = {isa = PBXFileReference; lastKnownFileType = sourcecode.swift; path = CircleFontView.swift; sourceTree = "<group>"; };
		8C7842AA2725860F00BC0337 /* Extensions.swift */ = {isa = PBXFileReference; lastKnownFileType = sourcecode.swift; path = Extensions.swift; sourceTree = "<group>"; };
		8CC8050D2719F82B00AF4D99 /* Pomodoro.app */ = {isa = PBXFileReference; explicitFileType = wrapper.application; includeInIndex = 0; path = Pomodoro.app; sourceTree = BUILT_PRODUCTS_DIR; };
		8CC805102719F82B00AF4D99 /* AppDelegate.swift */ = {isa = PBXFileReference; lastKnownFileType = sourcecode.swift; path = AppDelegate.swift; sourceTree = "<group>"; };
		8CC805122719F82B00AF4D99 /* SceneDelegate.swift */ = {isa = PBXFileReference; lastKnownFileType = sourcecode.swift; path = SceneDelegate.swift; sourceTree = "<group>"; };
		8CC805142719F82B00AF4D99 /* PomodoroViewController.swift */ = {isa = PBXFileReference; lastKnownFileType = sourcecode.swift; path = PomodoroViewController.swift; sourceTree = "<group>"; };
		8CC805172719F82B00AF4D99 /* Base */ = {isa = PBXFileReference; lastKnownFileType = file.storyboard; name = Base; path = Base.lproj/Main.storyboard; sourceTree = "<group>"; };
		8CC8051A2719F82B00AF4D99 /* Pomodoro.xcdatamodel */ = {isa = PBXFileReference; lastKnownFileType = wrapper.xcdatamodel; path = Pomodoro.xcdatamodel; sourceTree = "<group>"; };
		8CC8051C2719F83100AF4D99 /* Assets.xcassets */ = {isa = PBXFileReference; lastKnownFileType = folder.assetcatalog; path = Assets.xcassets; sourceTree = "<group>"; };
		8CC8051F2719F83100AF4D99 /* Base */ = {isa = PBXFileReference; lastKnownFileType = file.storyboard; name = Base; path = Base.lproj/LaunchScreen.storyboard; sourceTree = "<group>"; };
		8CC805212719F83100AF4D99 /* Info.plist */ = {isa = PBXFileReference; lastKnownFileType = text.plist.xml; path = Info.plist; sourceTree = "<group>"; };
		8CC80529271C5E0500AF4D99 /* CustomCIrcleView.swift */ = {isa = PBXFileReference; lastKnownFileType = sourcecode.swift; path = CustomCIrcleView.swift; sourceTree = "<group>"; };
		8CFAFF502720B73400D58107 /* SettingsView.swift */ = {isa = PBXFileReference; lastKnownFileType = sourcecode.swift; path = SettingsView.swift; sourceTree = "<group>"; };
		AD00B95827CD6E2800A83D73 /* CustomPicker.swift */ = {isa = PBXFileReference; lastKnownFileType = sourcecode.swift; path = CustomPicker.swift; sourceTree = "<group>"; };
		AD00B95B27CFB1CA00A83D73 /* Haptics.swift */ = {isa = PBXFileReference; lastKnownFileType = sourcecode.swift; path = Haptics.swift; sourceTree = "<group>"; };
		AD625AD1273693200075EAB6 /* ColorManager.swift */ = {isa = PBXFileReference; lastKnownFileType = sourcecode.swift; path = ColorManager.swift; sourceTree = "<group>"; };
		AD7E9FD42730932000F891BF /* CircleColorView.swift */ = {isa = PBXFileReference; lastKnownFileType = sourcecode.swift; path = CircleColorView.swift; sourceTree = "<group>"; };
		AD89B8532731C389000F8AEB /* CircleView.swift */ = {isa = PBXFileReference; lastKnownFileType = sourcecode.swift; path = CircleView.swift; sourceTree = "<group>"; };
		ADBC64F8275E5FD1001B8599 /* what needs to be done.swift */ = {isa = PBXFileReference; lastKnownFileType = sourcecode.swift; path = "what needs to be done.swift"; sourceTree = "<group>"; };
/* End PBXFileReference section */

/* Begin PBXFrameworksBuildPhase section */
		8CC8050A2719F82B00AF4D99 /* Frameworks */ = {
			isa = PBXFrameworksBuildPhase;
			buildActionMask = 2147483647;
			files = (
			);
			runOnlyForDeploymentPostprocessing = 0;
		};
/* End PBXFrameworksBuildPhase section */

/* Begin PBXGroup section */
		8C71F9CB2729BFF700BA62EC /* Model */ = {
			isa = PBXGroup;
			children = (
				8C71F9CC2729C02D00BA62EC /* TimesModel.swift */,
				ADBC64F8275E5FD1001B8599 /* what needs to be done.swift */,
			);
			path = Model;
			sourceTree = "<group>";
		};
		8C7319FF2721CABA0030ABFE /* Controllers */ = {
			isa = PBXGroup;
			children = (
				8CC805142719F82B00AF4D99 /* PomodoroViewController.swift */,
			);
			path = Controllers;
			sourceTree = "<group>";
		};
		8C7842A927248DB800BC0337 /* View */ = {
			isa = PBXGroup;
			children = (
				8CC80529271C5E0500AF4D99 /* CustomCIrcleView.swift */,
				AD00B95827CD6E2800A83D73 /* CustomPicker.swift */,
				8CFAFF502720B73400D58107 /* SettingsView.swift */,
				8C7842A727248DB300BC0337 /* CircleFontView.swift */,
				AD7E9FD42730932000F891BF /* CircleColorView.swift */,
				AD89B8532731C389000F8AEB /* CircleView.swift */,
				AD625AD1273693200075EAB6 /* ColorManager.swift */,
			);
			path = View;
			sourceTree = "<group>";
		};
		8CC805042719F82B00AF4D99 = {
			isa = PBXGroup;
			children = (
				8CC8050F2719F82B00AF4D99 /* Pomodoro */,
				8CC8050E2719F82B00AF4D99 /* Products */,
			);
			sourceTree = "<group>";
		};
		8CC8050E2719F82B00AF4D99 /* Products */ = {
			isa = PBXGroup;
			children = (
				8CC8050D2719F82B00AF4D99 /* Pomodoro.app */,
			);
			name = Products;
			sourceTree = "<group>";
		};
		8CC8050F2719F82B00AF4D99 /* Pomodoro */ = {
			isa = PBXGroup;
			children = (
				8CC805102719F82B00AF4D99 /* AppDelegate.swift */,
				8CC805122719F82B00AF4D99 /* SceneDelegate.swift */,
				AD00B95A27CFB1A800A83D73 /* Helpers */,
				8C71F9CB2729BFF700BA62EC /* Model */,
				8C7842A927248DB800BC0337 /* View */,
				8C7319FF2721CABA0030ABFE /* Controllers */,
				8CC805162719F82B00AF4D99 /* Main.storyboard */,
				8CC8051C2719F83100AF4D99 /* Assets.xcassets */,
				8CC8051E2719F83100AF4D99 /* LaunchScreen.storyboard */,
				8CC805212719F83100AF4D99 /* Info.plist */,
				8CC805192719F82B00AF4D99 /* Pomodoro.xcdatamodeld */,
			);
			path = Pomodoro;
			sourceTree = "<group>";
		};
		AD00B95A27CFB1A800A83D73 /* Helpers */ = {
			isa = PBXGroup;
			children = (
				8C7842AA2725860F00BC0337 /* Extensions.swift */,
				AD00B95B27CFB1CA00A83D73 /* Haptics.swift */,
			);
			path = Helpers;
			sourceTree = "<group>";
		};
/* End PBXGroup section */

/* Begin PBXNativeTarget section */
		8CC8050C2719F82B00AF4D99 /* Pomodoro */ = {
			isa = PBXNativeTarget;
			buildConfigurationList = 8CC805242719F83100AF4D99 /* Build configuration list for PBXNativeTarget "Pomodoro" */;
			buildPhases = (
				8CC805092719F82B00AF4D99 /* Sources */,
				8CC8050A2719F82B00AF4D99 /* Frameworks */,
				8CC8050B2719F82B00AF4D99 /* Resources */,
			);
			buildRules = (
			);
			dependencies = (
			);
			name = Pomodoro;
			productName = Pomodoro;
			productReference = 8CC8050D2719F82B00AF4D99 /* Pomodoro.app */;
			productType = "com.apple.product-type.application";
		};
/* End PBXNativeTarget section */

/* Begin PBXProject section */
		8CC805052719F82B00AF4D99 /* Project object */ = {
			isa = PBXProject;
			attributes = {
				BuildIndependentTargetsInParallel = 1;
				LastSwiftUpdateCheck = 1300;
				LastUpgradeCheck = 1300;
				TargetAttributes = {
					8CC8050C2719F82B00AF4D99 = {
						CreatedOnToolsVersion = 13.0;
					};
				};
			};
			buildConfigurationList = 8CC805082719F82B00AF4D99 /* Build configuration list for PBXProject "Pomodoro" */;
			compatibilityVersion = "Xcode 13.0";
			developmentRegion = en;
			hasScannedForEncodings = 0;
			knownRegions = (
				en,
				Base,
			);
			mainGroup = 8CC805042719F82B00AF4D99;
			productRefGroup = 8CC8050E2719F82B00AF4D99 /* Products */;
			projectDirPath = "";
			projectRoot = "";
			targets = (
				8CC8050C2719F82B00AF4D99 /* Pomodoro */,
			);
		};
/* End PBXProject section */

/* Begin PBXResourcesBuildPhase section */
		8CC8050B2719F82B00AF4D99 /* Resources */ = {
			isa = PBXResourcesBuildPhase;
			buildActionMask = 2147483647;
			files = (
				8CC805202719F83100AF4D99 /* LaunchScreen.storyboard in Resources */,
				8CC8051D2719F83100AF4D99 /* Assets.xcassets in Resources */,
				8CC805182719F82B00AF4D99 /* Main.storyboard in Resources */,
			);
			runOnlyForDeploymentPostprocessing = 0;
		};
/* End PBXResourcesBuildPhase section */

/* Begin PBXSourcesBuildPhase section */
		8CC805092719F82B00AF4D99 /* Sources */ = {
			isa = PBXSourcesBuildPhase;
			buildActionMask = 2147483647;
			files = (
				8CFAFF512720B73400D58107 /* SettingsView.swift in Sources */,
				8CC8051B2719F82B00AF4D99 /* Pomodoro.xcdatamodeld in Sources */,
				AD7E9FD52730932000F891BF /* CircleColorView.swift in Sources */,
				AD625AD2273693200075EAB6 /* ColorManager.swift in Sources */,
				8C7842A827248DB300BC0337 /* CircleFontView.swift in Sources */,
				8CC8052A271C5E0500AF4D99 /* CustomCIrcleView.swift in Sources */,
				8CC805152719F82B00AF4D99 /* PomodoroViewController.swift in Sources */,
				ADBC64F9275E5FD2001B8599 /* what needs to be done.swift in Sources */,
				AD00B95927CD6E2800A83D73 /* CustomPicker.swift in Sources */,
				AD89B8542731C389000F8AEB /* CircleView.swift in Sources */,
				8C71F9CD2729C02D00BA62EC /* TimesModel.swift in Sources */,
				8CC805112719F82B00AF4D99 /* AppDelegate.swift in Sources */,
				AD00B95C27CFB1CA00A83D73 /* Haptics.swift in Sources */,
				8C7842AB2725860F00BC0337 /* Extensions.swift in Sources */,
				8CC805132719F82B00AF4D99 /* SceneDelegate.swift in Sources */,
			);
			runOnlyForDeploymentPostprocessing = 0;
		};
/* End PBXSourcesBuildPhase section */

/* Begin PBXVariantGroup section */
		8CC805162719F82B00AF4D99 /* Main.storyboard */ = {
			isa = PBXVariantGroup;
			children = (
				8CC805172719F82B00AF4D99 /* Base */,
			);
			name = Main.storyboard;
			sourceTree = "<group>";
		};
		8CC8051E2719F83100AF4D99 /* LaunchScreen.storyboard */ = {
			isa = PBXVariantGroup;
			children = (
				8CC8051F2719F83100AF4D99 /* Base */,
			);
			name = LaunchScreen.storyboard;
			sourceTree = "<group>";
		};
/* End PBXVariantGroup section */

/* Begin XCBuildConfiguration section */
		8CC805222719F83100AF4D99 /* Debug */ = {
			isa = XCBuildConfiguration;
			buildSettings = {
				ALWAYS_SEARCH_USER_PATHS = NO;
				CLANG_ANALYZER_NONNULL = YES;
				CLANG_ANALYZER_NUMBER_OBJECT_CONVERSION = YES_AGGRESSIVE;
				CLANG_CXX_LANGUAGE_STANDARD = "gnu++17";
				CLANG_CXX_LIBRARY = "libc++";
				CLANG_ENABLE_MODULES = YES;
				CLANG_ENABLE_OBJC_ARC = YES;
				CLANG_ENABLE_OBJC_WEAK = YES;
				CLANG_WARN_BLOCK_CAPTURE_AUTORELEASING = YES;
				CLANG_WARN_BOOL_CONVERSION = YES;
				CLANG_WARN_COMMA = YES;
				CLANG_WARN_CONSTANT_CONVERSION = YES;
				CLANG_WARN_DEPRECATED_OBJC_IMPLEMENTATIONS = YES;
				CLANG_WARN_DIRECT_OBJC_ISA_USAGE = YES_ERROR;
				CLANG_WARN_DOCUMENTATION_COMMENTS = YES;
				CLANG_WARN_EMPTY_BODY = YES;
				CLANG_WARN_ENUM_CONVERSION = YES;
				CLANG_WARN_INFINITE_RECURSION = YES;
				CLANG_WARN_INT_CONVERSION = YES;
				CLANG_WARN_NON_LITERAL_NULL_CONVERSION = YES;
				CLANG_WARN_OBJC_IMPLICIT_RETAIN_SELF = YES;
				CLANG_WARN_OBJC_LITERAL_CONVERSION = YES;
				CLANG_WARN_OBJC_ROOT_CLASS = YES_ERROR;
				CLANG_WARN_QUOTED_INCLUDE_IN_FRAMEWORK_HEADER = YES;
				CLANG_WARN_RANGE_LOOP_ANALYSIS = YES;
				CLANG_WARN_STRICT_PROTOTYPES = YES;
				CLANG_WARN_SUSPICIOUS_MOVE = YES;
				CLANG_WARN_UNGUARDED_AVAILABILITY = YES_AGGRESSIVE;
				CLANG_WARN_UNREACHABLE_CODE = YES;
				CLANG_WARN__DUPLICATE_METHOD_MATCH = YES;
				COPY_PHASE_STRIP = NO;
				DEBUG_INFORMATION_FORMAT = dwarf;
				ENABLE_STRICT_OBJC_MSGSEND = YES;
				ENABLE_TESTABILITY = YES;
				GCC_C_LANGUAGE_STANDARD = gnu11;
				GCC_DYNAMIC_NO_PIC = NO;
				GCC_NO_COMMON_BLOCKS = YES;
				GCC_OPTIMIZATION_LEVEL = 0;
				GCC_PREPROCESSOR_DEFINITIONS = (
					"DEBUG=1",
					"$(inherited)",
				);
				GCC_WARN_64_TO_32_BIT_CONVERSION = YES;
				GCC_WARN_ABOUT_RETURN_TYPE = YES_ERROR;
				GCC_WARN_UNDECLARED_SELECTOR = YES;
				GCC_WARN_UNINITIALIZED_AUTOS = YES_AGGRESSIVE;
				GCC_WARN_UNUSED_FUNCTION = YES;
				GCC_WARN_UNUSED_VARIABLE = YES;
				IPHONEOS_DEPLOYMENT_TARGET = 15.0;
				MTL_ENABLE_DEBUG_INFO = INCLUDE_SOURCE;
				MTL_FAST_MATH = YES;
				ONLY_ACTIVE_ARCH = YES;
				SDKROOT = iphoneos;
				SWIFT_ACTIVE_COMPILATION_CONDITIONS = DEBUG;
				SWIFT_OPTIMIZATION_LEVEL = "-Onone";
			};
			name = Debug;
		};
		8CC805232719F83100AF4D99 /* Release */ = {
			isa = XCBuildConfiguration;
			buildSettings = {
				ALWAYS_SEARCH_USER_PATHS = NO;
				CLANG_ANALYZER_NONNULL = YES;
				CLANG_ANALYZER_NUMBER_OBJECT_CONVERSION = YES_AGGRESSIVE;
				CLANG_CXX_LANGUAGE_STANDARD = "gnu++17";
				CLANG_CXX_LIBRARY = "libc++";
				CLANG_ENABLE_MODULES = YES;
				CLANG_ENABLE_OBJC_ARC = YES;
				CLANG_ENABLE_OBJC_WEAK = YES;
				CLANG_WARN_BLOCK_CAPTURE_AUTORELEASING = YES;
				CLANG_WARN_BOOL_CONVERSION = YES;
				CLANG_WARN_COMMA = YES;
				CLANG_WARN_CONSTANT_CONVERSION = YES;
				CLANG_WARN_DEPRECATED_OBJC_IMPLEMENTATIONS = YES;
				CLANG_WARN_DIRECT_OBJC_ISA_USAGE = YES_ERROR;
				CLANG_WARN_DOCUMENTATION_COMMENTS = YES;
				CLANG_WARN_EMPTY_BODY = YES;
				CLANG_WARN_ENUM_CONVERSION = YES;
				CLANG_WARN_INFINITE_RECURSION = YES;
				CLANG_WARN_INT_CONVERSION = YES;
				CLANG_WARN_NON_LITERAL_NULL_CONVERSION = YES;
				CLANG_WARN_OBJC_IMPLICIT_RETAIN_SELF = YES;
				CLANG_WARN_OBJC_LITERAL_CONVERSION = YES;
				CLANG_WARN_OBJC_ROOT_CLASS = YES_ERROR;
				CLANG_WARN_QUOTED_INCLUDE_IN_FRAMEWORK_HEADER = YES;
				CLANG_WARN_RANGE_LOOP_ANALYSIS = YES;
				CLANG_WARN_STRICT_PROTOTYPES = YES;
				CLANG_WARN_SUSPICIOUS_MOVE = YES;
				CLANG_WARN_UNGUARDED_AVAILABILITY = YES_AGGRESSIVE;
				CLANG_WARN_UNREACHABLE_CODE = YES;
				CLANG_WARN__DUPLICATE_METHOD_MATCH = YES;
				COPY_PHASE_STRIP = NO;
				DEBUG_INFORMATION_FORMAT = "dwarf-with-dsym";
				ENABLE_NS_ASSERTIONS = NO;
				ENABLE_STRICT_OBJC_MSGSEND = YES;
				GCC_C_LANGUAGE_STANDARD = gnu11;
				GCC_NO_COMMON_BLOCKS = YES;
				GCC_WARN_64_TO_32_BIT_CONVERSION = YES;
				GCC_WARN_ABOUT_RETURN_TYPE = YES_ERROR;
				GCC_WARN_UNDECLARED_SELECTOR = YES;
				GCC_WARN_UNINITIALIZED_AUTOS = YES_AGGRESSIVE;
				GCC_WARN_UNUSED_FUNCTION = YES;
				GCC_WARN_UNUSED_VARIABLE = YES;
				IPHONEOS_DEPLOYMENT_TARGET = 15.0;
				MTL_ENABLE_DEBUG_INFO = NO;
				MTL_FAST_MATH = YES;
				SDKROOT = iphoneos;
				SWIFT_COMPILATION_MODE = wholemodule;
				SWIFT_OPTIMIZATION_LEVEL = "-O";
				VALIDATE_PRODUCT = YES;
			};
			name = Release;
		};
		8CC805252719F83100AF4D99 /* Debug */ = {
			isa = XCBuildConfiguration;
			buildSettings = {
				ASSETCATALOG_COMPILER_APPICON_NAME = AppIcon;
				ASSETCATALOG_COMPILER_GLOBAL_ACCENT_COLOR_NAME = AccentColor;
				CODE_SIGN_STYLE = Automatic;
				CURRENT_PROJECT_VERSION = 1;
				DEVELOPMENT_TEAM = Z4JMF9KZA4;
				GENERATE_INFOPLIST_FILE = YES;
				INFOPLIST_FILE = Pomodoro/Info.plist;
				INFOPLIST_KEY_UIApplicationSupportsIndirectInputEvents = YES;
				INFOPLIST_KEY_UILaunchStoryboardName = LaunchScreen;
				INFOPLIST_KEY_UIMainStoryboardFile = Main;
				INFOPLIST_KEY_UISupportedInterfaceOrientations = UIInterfaceOrientationPortrait;
				INFOPLIST_KEY_UISupportedInterfaceOrientations_iPad = "UIInterfaceOrientationPortrait UIInterfaceOrientationPortraitUpsideDown UIInterfaceOrientationLandscapeLeft UIInterfaceOrientationLandscapeRight";
				INFOPLIST_KEY_UISupportedInterfaceOrientations_iPhone = "UIInterfaceOrientationPortrait UIInterfaceOrientationPortrait UIInterfaceOrientationPortrait";
				LD_RUNPATH_SEARCH_PATHS = (
					"$(inherited)",
					"@executable_path/Frameworks",
				);
				MARKETING_VERSION = 1.0;
				PRODUCT_BUNDLE_IDENTIFIER = com.SzymonTadrzak.Pomodoro;
				PRODUCT_NAME = "$(TARGET_NAME)";
				SWIFT_EMIT_LOC_STRINGS = YES;
				SWIFT_VERSION = 5.0;
				TARGETED_DEVICE_FAMILY = 1;
			};
			name = Debug;
		};
		8CC805262719F83100AF4D99 /* Release */ = {
			isa = XCBuildConfiguration;
			buildSettings = {
				ASSETCATALOG_COMPILER_APPICON_NAME = AppIcon;
				ASSETCATALOG_COMPILER_GLOBAL_ACCENT_COLOR_NAME = AccentColor;
				CODE_SIGN_STYLE = Automatic;
				CURRENT_PROJECT_VERSION = 1;
				DEVELOPMENT_TEAM = Z4JMF9KZA4;
				GENERATE_INFOPLIST_FILE = YES;
				INFOPLIST_FILE = Pomodoro/Info.plist;
				INFOPLIST_KEY_UIApplicationSupportsIndirectInputEvents = YES;
				INFOPLIST_KEY_UILaunchStoryboardName = LaunchScreen;
				INFOPLIST_KEY_UIMainStoryboardFile = Main;
				INFOPLIST_KEY_UISupportedInterfaceOrientations = UIInterfaceOrientationPortrait;
				INFOPLIST_KEY_UISupportedInterfaceOrientations_iPad = "UIInterfaceOrientationPortrait UIInterfaceOrientationPortraitUpsideDown UIInterfaceOrientationLandscapeLeft UIInterfaceOrientationLandscapeRight";
				INFOPLIST_KEY_UISupportedInterfaceOrientations_iPhone = "UIInterfaceOrientationPortrait UIInterfaceOrientationPortrait UIInterfaceOrientationPortrait";
				LD_RUNPATH_SEARCH_PATHS = (
					"$(inherited)",
					"@executable_path/Frameworks",
				);
				MARKETING_VERSION = 1.0;
				PRODUCT_BUNDLE_IDENTIFIER = com.SzymonTadrzak.Pomodoro;
				PRODUCT_NAME = "$(TARGET_NAME)";
				SWIFT_EMIT_LOC_STRINGS = YES;
				SWIFT_VERSION = 5.0;
				TARGETED_DEVICE_FAMILY = 1;
			};
			name = Release;
		};
/* End XCBuildConfiguration section */

/* Begin XCConfigurationList section */
		8CC805082719F82B00AF4D99 /* Build configuration list for PBXProject "Pomodoro" */ = {
			isa = XCConfigurationList;
			buildConfigurations = (
				8CC805222719F83100AF4D99 /* Debug */,
				8CC805232719F83100AF4D99 /* Release */,
			);
			defaultConfigurationIsVisible = 0;
			defaultConfigurationName = Release;
		};
		8CC805242719F83100AF4D99 /* Build configuration list for PBXNativeTarget "Pomodoro" */ = {
			isa = XCConfigurationList;
			buildConfigurations = (
				8CC805252719F83100AF4D99 /* Debug */,
				8CC805262719F83100AF4D99 /* Release */,
			);
			defaultConfigurationIsVisible = 0;
			defaultConfigurationName = Release;
		};
/* End XCConfigurationList section */

/* Begin XCVersionGroup section */
		8CC805192719F82B00AF4D99 /* Pomodoro.xcdatamodeld */ = {
			isa = XCVersionGroup;
			children = (
				8CC8051A2719F82B00AF4D99 /* Pomodoro.xcdatamodel */,
			);
			currentVersion = 8CC8051A2719F82B00AF4D99 /* Pomodoro.xcdatamodel */;
			path = Pomodoro.xcdatamodeld;
			sourceTree = "<group>";
			versionGroupType = wrapper.xcdatamodel;
		};
/* End XCVersionGroup section */
	};
	rootObject = 8CC805052719F82B00AF4D99 /* Project object */;
}
