// !$*UTF8*$!
{
	archiveVersion = 1;
	classes = {
	};
	objectVersion = 55;
	objects = {

/* Begin PBXBuildFile section */
		8C6AA3FA2B1BA78500A1DFFE /* PomodoroSceneBuilder.swift in Sources */ = {isa = PBXBuildFile; fileRef = 8C6AA3F92B1BA78500A1DFFE /* PomodoroSceneBuilder.swift */; };
		8C6AA3FC2B1BACD000A1DFFE /* AppCoordinator.swift in Sources */ = {isa = PBXBuildFile; fileRef = 8C6AA3FB2B1BACD000A1DFFE /* AppCoordinator.swift */; };
		8C6AA3FE2B1BD5D400A1DFFE /* Storyboarded.swift in Sources */ = {isa = PBXBuildFile; fileRef = 8C6AA3FD2B1BD5D400A1DFFE /* Storyboarded.swift */; };
		8C7842AB2725860F00BC0337 /* Extensions.swift in Sources */ = {isa = PBXBuildFile; fileRef = 8C7842AA2725860F00BC0337 /* Extensions.swift */; };
		8C9287B02B2CFA82007A8363 /* TimeCell.swift in Sources */ = {isa = PBXBuildFile; fileRef = 8C9287AF2B2CFA82007A8363 /* TimeCell.swift */; };
		8CC805112719F82B00AF4D99 /* AppDelegate.swift in Sources */ = {isa = PBXBuildFile; fileRef = 8CC805102719F82B00AF4D99 /* AppDelegate.swift */; };
		8CC805132719F82B00AF4D99 /* SceneDelegate.swift in Sources */ = {isa = PBXBuildFile; fileRef = 8CC805122719F82B00AF4D99 /* SceneDelegate.swift */; };
		8CC8051D2719F83100AF4D99 /* Assets.xcassets in Resources */ = {isa = PBXBuildFile; fileRef = 8CC8051C2719F83100AF4D99 /* Assets.xcassets */; };
		8CC805202719F83100AF4D99 /* LaunchScreen.storyboard in Resources */ = {isa = PBXBuildFile; fileRef = 8CC8051E2719F83100AF4D99 /* LaunchScreen.storyboard */; };
		8CE736E32B1C0A2D009D3CCF /* AppearanceCell.swift in Sources */ = {isa = PBXBuildFile; fileRef = 8CE736E22B1C0A2D009D3CCF /* AppearanceCell.swift */; };
		AD00B95C27CFB1CA00A83D73 /* Haptics.swift in Sources */ = {isa = PBXBuildFile; fileRef = AD00B95B27CFB1CA00A83D73 /* Haptics.swift */; };
		AD0856DD2819C6A000AE442F /* TimeDurationModel.swift in Sources */ = {isa = PBXBuildFile; fileRef = AD0856DC2819C6A000AE442F /* TimeDurationModel.swift */; };
		AD44A68428072392007C0463 /* CountdownTimer.swift in Sources */ = {isa = PBXBuildFile; fileRef = AD44A68328072392007C0463 /* CountdownTimer.swift */; };
		ADA292E327D8EC9E00211876 /* PomodoroTimerViewController.swift in Sources */ = {isa = PBXBuildFile; fileRef = ADA292E227D8EC9D00211876 /* PomodoroTimerViewController.swift */; };
		ADAAB39B27E4B35400F6DA42 /* ReusableLabel.swift in Sources */ = {isa = PBXBuildFile; fileRef = ADAAB39A27E4B35400F6DA42 /* ReusableLabel.swift */; };
		ADAAB39D27E4C02D00F6DA42 /* TimerStateStackView.swift in Sources */ = {isa = PBXBuildFile; fileRef = ADAAB39C27E4C02D00F6DA42 /* TimerStateStackView.swift */; };
		ADAAB39F27E517AF00F6DA42 /* TimerBackgroundView.swift in Sources */ = {isa = PBXBuildFile; fileRef = ADAAB39E27E517AF00F6DA42 /* TimerBackgroundView.swift */; };
		ADAAB3A127E51D4E00F6DA42 /* ReusableButton.swift in Sources */ = {isa = PBXBuildFile; fileRef = ADAAB3A027E51D4E00F6DA42 /* ReusableButton.swift */; };
		ADAAB3A727E8A86100F6DA42 /* ClockView.swift in Sources */ = {isa = PBXBuildFile; fileRef = ADAAB3A627E8A86100F6DA42 /* ClockView.swift */; };
		ADAAB3AB27E8E44E00F6DA42 /* TitleView.swift in Sources */ = {isa = PBXBuildFile; fileRef = ADAAB3AA27E8E44E00F6DA42 /* TitleView.swift */; };
		ADAAB3AD27E8FB1500F6DA42 /* MiddleTopView.swift in Sources */ = {isa = PBXBuildFile; fileRef = ADAAB3AC27E8FB1500F6DA42 /* MiddleTopView.swift */; };
		ADAAB3AF27E8FC8B00F6DA42 /* FontView.swift in Sources */ = {isa = PBXBuildFile; fileRef = ADAAB3AE27E8FC8B00F6DA42 /* FontView.swift */; };
		ADAAB3B127E9034F00F6DA42 /* DividerView.swift in Sources */ = {isa = PBXBuildFile; fileRef = ADAAB3B027E9034E00F6DA42 /* DividerView.swift */; };
		ADAE94642818329D00B3DA92 /* SettingsViewController.swift in Sources */ = {isa = PBXBuildFile; fileRef = ADAE94632818329D00B3DA92 /* SettingsViewController.swift */; };
		ADC59CDC2810941F006CF194 /* PomodoroTimerViewModel.swift in Sources */ = {isa = PBXBuildFile; fileRef = ADC59CDB2810941F006CF194 /* PomodoroTimerViewModel.swift */; };
		ADC59CDE2810A48B006CF194 /* AppearanceModel.swift in Sources */ = {isa = PBXBuildFile; fileRef = ADC59CDD2810A48B006CF194 /* AppearanceModel.swift */; };
		ADD0676727EB5173008734B0 /* ColorView.swift in Sources */ = {isa = PBXBuildFile; fileRef = ADD0676627EB5173008734B0 /* ColorView.swift */; };
/* End PBXBuildFile section */

/* Begin PBXFileReference section */
		8C6AA3F92B1BA78500A1DFFE /* PomodoroSceneBuilder.swift */ = {isa = PBXFileReference; lastKnownFileType = sourcecode.swift; path = PomodoroSceneBuilder.swift; sourceTree = "<group>"; };
		8C6AA3FB2B1BACD000A1DFFE /* AppCoordinator.swift */ = {isa = PBXFileReference; lastKnownFileType = sourcecode.swift; path = AppCoordinator.swift; sourceTree = "<group>"; };
		8C6AA3FD2B1BD5D400A1DFFE /* Storyboarded.swift */ = {isa = PBXFileReference; lastKnownFileType = sourcecode.swift; path = Storyboarded.swift; sourceTree = "<group>"; };
		8C7842AA2725860F00BC0337 /* Extensions.swift */ = {isa = PBXFileReference; lastKnownFileType = sourcecode.swift; path = Extensions.swift; sourceTree = "<group>"; };
		8C9287AF2B2CFA82007A8363 /* TimeCell.swift */ = {isa = PBXFileReference; lastKnownFileType = sourcecode.swift; path = TimeCell.swift; sourceTree = "<group>"; };
		8CC8050D2719F82B00AF4D99 /* Pomodoro.app */ = {isa = PBXFileReference; explicitFileType = wrapper.application; includeInIndex = 0; path = Pomodoro.app; sourceTree = BUILT_PRODUCTS_DIR; };
		8CC805102719F82B00AF4D99 /* AppDelegate.swift */ = {isa = PBXFileReference; lastKnownFileType = sourcecode.swift; path = AppDelegate.swift; sourceTree = "<group>"; };
		8CC805122719F82B00AF4D99 /* SceneDelegate.swift */ = {isa = PBXFileReference; lastKnownFileType = sourcecode.swift; path = SceneDelegate.swift; sourceTree = "<group>"; };
		8CC8051C2719F83100AF4D99 /* Assets.xcassets */ = {isa = PBXFileReference; lastKnownFileType = folder.assetcatalog; path = Assets.xcassets; sourceTree = "<group>"; };
		8CC8051F2719F83100AF4D99 /* Base */ = {isa = PBXFileReference; lastKnownFileType = file.storyboard; name = Base; path = Base.lproj/LaunchScreen.storyboard; sourceTree = "<group>"; };
		8CC805212719F83100AF4D99 /* Info.plist */ = {isa = PBXFileReference; lastKnownFileType = text.plist.xml; path = Info.plist; sourceTree = "<group>"; };
		8CE736E22B1C0A2D009D3CCF /* AppearanceCell.swift */ = {isa = PBXFileReference; lastKnownFileType = sourcecode.swift; path = AppearanceCell.swift; sourceTree = "<group>"; };
		AD00B95B27CFB1CA00A83D73 /* Haptics.swift */ = {isa = PBXFileReference; lastKnownFileType = sourcecode.swift; path = Haptics.swift; sourceTree = "<group>"; };
		AD0856DC2819C6A000AE442F /* TimeDurationModel.swift */ = {isa = PBXFileReference; lastKnownFileType = sourcecode.swift; path = TimeDurationModel.swift; sourceTree = "<group>"; };
		AD44A68328072392007C0463 /* CountdownTimer.swift */ = {isa = PBXFileReference; lastKnownFileType = sourcecode.swift; path = CountdownTimer.swift; sourceTree = "<group>"; };
		ADA292E227D8EC9D00211876 /* PomodoroTimerViewController.swift */ = {isa = PBXFileReference; lastKnownFileType = sourcecode.swift; path = PomodoroTimerViewController.swift; sourceTree = "<group>"; };
		ADAAB39A27E4B35400F6DA42 /* ReusableLabel.swift */ = {isa = PBXFileReference; lastKnownFileType = sourcecode.swift; path = ReusableLabel.swift; sourceTree = "<group>"; };
		ADAAB39C27E4C02D00F6DA42 /* TimerStateStackView.swift */ = {isa = PBXFileReference; lastKnownFileType = sourcecode.swift; path = TimerStateStackView.swift; sourceTree = "<group>"; };
		ADAAB39E27E517AF00F6DA42 /* TimerBackgroundView.swift */ = {isa = PBXFileReference; lastKnownFileType = sourcecode.swift; path = TimerBackgroundView.swift; sourceTree = "<group>"; };
		ADAAB3A027E51D4E00F6DA42 /* ReusableButton.swift */ = {isa = PBXFileReference; lastKnownFileType = sourcecode.swift; path = ReusableButton.swift; sourceTree = "<group>"; };
		ADAAB3A627E8A86100F6DA42 /* ClockView.swift */ = {isa = PBXFileReference; lastKnownFileType = sourcecode.swift; path = ClockView.swift; sourceTree = "<group>"; };
		ADAAB3AA27E8E44E00F6DA42 /* TitleView.swift */ = {isa = PBXFileReference; lastKnownFileType = sourcecode.swift; path = TitleView.swift; sourceTree = "<group>"; };
		ADAAB3AC27E8FB1500F6DA42 /* MiddleTopView.swift */ = {isa = PBXFileReference; lastKnownFileType = sourcecode.swift; path = MiddleTopView.swift; sourceTree = "<group>"; };
		ADAAB3AE27E8FC8B00F6DA42 /* FontView.swift */ = {isa = PBXFileReference; lastKnownFileType = sourcecode.swift; path = FontView.swift; sourceTree = "<group>"; };
		ADAAB3B027E9034E00F6DA42 /* DividerView.swift */ = {isa = PBXFileReference; lastKnownFileType = sourcecode.swift; path = DividerView.swift; sourceTree = "<group>"; };
		ADAE94632818329D00B3DA92 /* SettingsViewController.swift */ = {isa = PBXFileReference; lastKnownFileType = sourcecode.swift; path = SettingsViewController.swift; sourceTree = "<group>"; };
		ADC59CDB2810941F006CF194 /* PomodoroTimerViewModel.swift */ = {isa = PBXFileReference; lastKnownFileType = sourcecode.swift; path = PomodoroTimerViewModel.swift; sourceTree = "<group>"; };
		ADC59CDD2810A48B006CF194 /* AppearanceModel.swift */ = {isa = PBXFileReference; lastKnownFileType = sourcecode.swift; path = AppearanceModel.swift; sourceTree = "<group>"; };
		ADD0676627EB5173008734B0 /* ColorView.swift */ = {isa = PBXFileReference; lastKnownFileType = sourcecode.swift; path = ColorView.swift; sourceTree = "<group>"; };
/* End PBXFileReference section */

/* Begin PBXFrameworksBuildPhase section */
		8CC8050A2719F82B00AF4D99 /* Frameworks */ = {
			isa = PBXFrameworksBuildPhase;
			buildActionMask = 2147483647;
			files = (
			);
			runOnlyForDeploymentPostprocessing = 0;
		};
/* End PBXFrameworksBuildPhase section */

/* Begin PBXGroup section */
		8C6AA3F82B1BA75500A1DFFE /* Shared */ = {
			isa = PBXGroup;
			children = (
				8CC805102719F82B00AF4D99 /* AppDelegate.swift */,
				8CC805122719F82B00AF4D99 /* SceneDelegate.swift */,
				8C6AA3F92B1BA78500A1DFFE /* PomodoroSceneBuilder.swift */,
				8C6AA3FB2B1BACD000A1DFFE /* AppCoordinator.swift */,
				8C6AA3FD2B1BD5D400A1DFFE /* Storyboarded.swift */,
				8CC8051E2719F83100AF4D99 /* LaunchScreen.storyboard */,
				8CC805212719F83100AF4D99 /* Info.plist */,
			);
			path = Shared;
			sourceTree = "<group>";
		};
		8C6AA3FF2B1BECC300A1DFFE /* MainView */ = {
			isa = PBXGroup;
			children = (
				8C6AA4072B1BEDC400A1DFFE /* Controller */,
				8C6AA4062B1BEDA200A1DFFE /* Views */,
				8C6AA4022B1BED4300A1DFFE /* Models */,
			);
			path = MainView;
			sourceTree = "<group>";
		};
		8C6AA4012B1BED0200A1DFFE /* Settings */ = {
			isa = PBXGroup;
			children = (
				8C6AA4082B1BEDD800A1DFFE /* Controller */,
				8C6AA40B2B1BEE6400A1DFFE /* Views */,
				8C6AA4032B1BED6500A1DFFE /* Models */,
			);
			path = Settings;
			sourceTree = "<group>";
		};
		8C6AA4022B1BED4300A1DFFE /* Models */ = {
			isa = PBXGroup;
			children = (
				ADC59CDB2810941F006CF194 /* PomodoroTimerViewModel.swift */,
				AD44A68328072392007C0463 /* CountdownTimer.swift */,
				AD0856DC2819C6A000AE442F /* TimeDurationModel.swift */,
			);
			path = Models;
			sourceTree = "<group>";
		};
		8C6AA4032B1BED6500A1DFFE /* Models */ = {
			isa = PBXGroup;
			children = (
				ADC59CDD2810A48B006CF194 /* AppearanceModel.swift */,
			);
			path = Models;
			sourceTree = "<group>";
		};
		8C6AA4062B1BEDA200A1DFFE /* Views */ = {
			isa = PBXGroup;
			children = (
				ADAAB39C27E4C02D00F6DA42 /* TimerStateStackView.swift */,
				ADAAB3A627E8A86100F6DA42 /* ClockView.swift */,
				ADAAB39E27E517AF00F6DA42 /* TimerBackgroundView.swift */,
			);
			path = Views;
			sourceTree = "<group>";
		};
		8C6AA4072B1BEDC400A1DFFE /* Controller */ = {
			isa = PBXGroup;
			children = (
				ADA292E227D8EC9D00211876 /* PomodoroTimerViewController.swift */,
			);
			path = Controller;
			sourceTree = "<group>";
		};
		8C6AA4082B1BEDD800A1DFFE /* Controller */ = {
			isa = PBXGroup;
			children = (
				ADAE94632818329D00B3DA92 /* SettingsViewController.swift */,
			);
			path = Controller;
			sourceTree = "<group>";
		};
		8C6AA4092B1BEE1000A1DFFE /* Common */ = {
			isa = PBXGroup;
			children = (
				8CC8051C2719F83100AF4D99 /* Assets.xcassets */,
				8C6AA40A2B1BEE4E00A1DFFE /* Views */,
				AD00B95A27CFB1A800A83D73 /* Helpers */,
			);
			path = Common;
			sourceTree = "<group>";
		};
		8C6AA40A2B1BEE4E00A1DFFE /* Views */ = {
			isa = PBXGroup;
			children = (
				ADAAB3A027E51D4E00F6DA42 /* ReusableButton.swift */,
				ADAAB39A27E4B35400F6DA42 /* ReusableLabel.swift */,
			);
			path = Views;
			sourceTree = "<group>";
		};
		8C6AA40B2B1BEE6400A1DFFE /* Views */ = {
			isa = PBXGroup;
			children = (
				8CE736E42B1C334C009D3CCF /* Cells */,
				ADAAB3B027E9034E00F6DA42 /* DividerView.swift */,
				ADAAB3AA27E8E44E00F6DA42 /* TitleView.swift */,
				ADAAB3AC27E8FB1500F6DA42 /* MiddleTopView.swift */,
				ADAAB3AE27E8FC8B00F6DA42 /* FontView.swift */,
				ADD0676627EB5173008734B0 /* ColorView.swift */,
			);
			path = Views;
			sourceTree = "<group>";
		};
		8CC805042719F82B00AF4D99 = {
			isa = PBXGroup;
			children = (
				8CC8050F2719F82B00AF4D99 /* Pomodoro */,
				8CC8050E2719F82B00AF4D99 /* Products */,
			);
			sourceTree = "<group>";
		};
		8CC8050E2719F82B00AF4D99 /* Products */ = {
			isa = PBXGroup;
			children = (
				8CC8050D2719F82B00AF4D99 /* Pomodoro.app */,
			);
			name = Products;
			sourceTree = "<group>";
		};
		8CC8050F2719F82B00AF4D99 /* Pomodoro */ = {
			isa = PBXGroup;
			children = (
				8C6AA3F82B1BA75500A1DFFE /* Shared */,
				8C6AA3FF2B1BECC300A1DFFE /* MainView */,
				8C6AA4012B1BED0200A1DFFE /* Settings */,
				8C6AA4092B1BEE1000A1DFFE /* Common */,
			);
			path = Pomodoro;
			sourceTree = "<group>";
		};
		8CE736E42B1C334C009D3CCF /* Cells */ = {
			isa = PBXGroup;
			children = (
				8CE736E22B1C0A2D009D3CCF /* AppearanceCell.swift */,
				8C9287AF2B2CFA82007A8363 /* TimeCell.swift */,
			);
			path = Cells;
			sourceTree = "<group>";
		};
		AD00B95A27CFB1A800A83D73 /* Helpers */ = {
			isa = PBXGroup;
			children = (
				AD00B95B27CFB1CA00A83D73 /* Haptics.swift */,
				8C7842AA2725860F00BC0337 /* Extensions.swift */,
			);
			path = Helpers;
			sourceTree = "<group>";
		};
/* End PBXGroup section */

/* Begin PBXNativeTarget section */
		8CC8050C2719F82B00AF4D99 /* Pomodoro */ = {
			isa = PBXNativeTarget;
			buildConfigurationList = 8CC805242719F83100AF4D99 /* Build configuration list for PBXNativeTarget "Pomodoro" */;
			buildPhases = (
				8CC805092719F82B00AF4D99 /* Sources */,
				8CC8050A2719F82B00AF4D99 /* Frameworks */,
				8CC8050B2719F82B00AF4D99 /* Resources */,
			);
			buildRules = (
			);
			dependencies = (
			);
			name = Pomodoro;
			productName = Pomodoro;
			productReference = 8CC8050D2719F82B00AF4D99 /* Pomodoro.app */;
			productType = "com.apple.product-type.application";
		};
/* End PBXNativeTarget section */

/* Begin PBXProject section */
		8CC805052719F82B00AF4D99 /* Project object */ = {
			isa = PBXProject;
			attributes = {
				BuildIndependentTargetsInParallel = 1;
				LastSwiftUpdateCheck = 1300;
				LastUpgradeCheck = 1300;
				TargetAttributes = {
					8CC8050C2719F82B00AF4D99 = {
						CreatedOnToolsVersion = 13.0;
					};
				};
			};
			buildConfigurationList = 8CC805082719F82B00AF4D99 /* Build configuration list for PBXProject "Pomodoro" */;
			compatibilityVersion = "Xcode 13.0";
			developmentRegion = en;
			hasScannedForEncodings = 0;
			knownRegions = (
				en,
				Base,
			);
			mainGroup = 8CC805042719F82B00AF4D99;
			productRefGroup = 8CC8050E2719F82B00AF4D99 /* Products */;
			projectDirPath = "";
			projectRoot = "";
			targets = (
				8CC8050C2719F82B00AF4D99 /* Pomodoro */,
			);
		};
/* End PBXProject section */

/* Begin PBXResourcesBuildPhase section */
		8CC8050B2719F82B00AF4D99 /* Resources */ = {
			isa = PBXResourcesBuildPhase;
			buildActionMask = 2147483647;
			files = (
				8CC805202719F83100AF4D99 /* LaunchScreen.storyboard in Resources */,
				8CC8051D2719F83100AF4D99 /* Assets.xcassets in Resources */,
			);
			runOnlyForDeploymentPostprocessing = 0;
		};
/* End PBXResourcesBuildPhase section */

/* Begin PBXSourcesBuildPhase section */
		8CC805092719F82B00AF4D99 /* Sources */ = {
			isa = PBXSourcesBuildPhase;
			buildActionMask = 2147483647;
			files = (
				ADAAB3AF27E8FC8B00F6DA42 /* FontView.swift in Sources */,
				ADAAB3A127E51D4E00F6DA42 /* ReusableButton.swift in Sources */,
				ADA292E327D8EC9E00211876 /* PomodoroTimerViewController.swift in Sources */,
				ADAAB39B27E4B35400F6DA42 /* ReusableLabel.swift in Sources */,
				ADAAB3AD27E8FB1500F6DA42 /* MiddleTopView.swift in Sources */,
				ADAAB3B127E9034F00F6DA42 /* DividerView.swift in Sources */,
				ADAE94642818329D00B3DA92 /* SettingsViewController.swift in Sources */,
				ADC59CDC2810941F006CF194 /* PomodoroTimerViewModel.swift in Sources */,
				8C6AA3FA2B1BA78500A1DFFE /* PomodoroSceneBuilder.swift in Sources */,
				8C6AA3FC2B1BACD000A1DFFE /* AppCoordinator.swift in Sources */,
				ADAAB3A727E8A86100F6DA42 /* ClockView.swift in Sources */,
				AD44A68428072392007C0463 /* CountdownTimer.swift in Sources */,
				ADD0676727EB5173008734B0 /* ColorView.swift in Sources */,
				8C9287B02B2CFA82007A8363 /* TimeCell.swift in Sources */,
				ADAAB39F27E517AF00F6DA42 /* TimerBackgroundView.swift in Sources */,
				ADAAB3AB27E8E44E00F6DA42 /* TitleView.swift in Sources */,
				8CE736E32B1C0A2D009D3CCF /* AppearanceCell.swift in Sources */,
				ADAAB39D27E4C02D00F6DA42 /* TimerStateStackView.swift in Sources */,
				8CC805112719F82B00AF4D99 /* AppDelegate.swift in Sources */,
				AD00B95C27CFB1CA00A83D73 /* Haptics.swift in Sources */,
				8C6AA3FE2B1BD5D400A1DFFE /* Storyboarded.swift in Sources */,
				8C7842AB2725860F00BC0337 /* Extensions.swift in Sources */,
				8CC805132719F82B00AF4D99 /* SceneDelegate.swift in Sources */,
				AD0856DD2819C6A000AE442F /* TimeDurationModel.swift in Sources */,
				ADC59CDE2810A48B006CF194 /* AppearanceModel.swift in Sources */,
			);
			runOnlyForDeploymentPostprocessing = 0;
		};
/* End PBXSourcesBuildPhase section */

/* Begin PBXVariantGroup section */
		8CC8051E2719F83100AF4D99 /* LaunchScreen.storyboard */ = {
			isa = PBXVariantGroup;
			children = (
				8CC8051F2719F83100AF4D99 /* Base */,
			);
			name = LaunchScreen.storyboard;
			sourceTree = "<group>";
		};
/* End PBXVariantGroup section */

/* Begin XCBuildConfiguration section */
		8CC805222719F83100AF4D99 /* Debug */ = {
			isa = XCBuildConfiguration;
			buildSettings = {
				ALWAYS_SEARCH_USER_PATHS = NO;
				CLANG_ANALYZER_NONNULL = YES;
				CLANG_ANALYZER_NUMBER_OBJECT_CONVERSION = YES_AGGRESSIVE;
				CLANG_CXX_LANGUAGE_STANDARD = "gnu++17";
				CLANG_CXX_LIBRARY = "libc++";
				CLANG_ENABLE_MODULES = YES;
				CLANG_ENABLE_OBJC_ARC = YES;
				CLANG_ENABLE_OBJC_WEAK = YES;
				CLANG_WARN_BLOCK_CAPTURE_AUTORELEASING = YES;
				CLANG_WARN_BOOL_CONVERSION = YES;
				CLANG_WARN_COMMA = YES;
				CLANG_WARN_CONSTANT_CONVERSION = YES;
				CLANG_WARN_DEPRECATED_OBJC_IMPLEMENTATIONS = YES;
				CLANG_WARN_DIRECT_OBJC_ISA_USAGE = YES_ERROR;
				CLANG_WARN_DOCUMENTATION_COMMENTS = YES;
				CLANG_WARN_EMPTY_BODY = YES;
				CLANG_WARN_ENUM_CONVERSION = YES;
				CLANG_WARN_INFINITE_RECURSION = YES;
				CLANG_WARN_INT_CONVERSION = YES;
				CLANG_WARN_NON_LITERAL_NULL_CONVERSION = YES;
				CLANG_WARN_OBJC_IMPLICIT_RETAIN_SELF = YES;
				CLANG_WARN_OBJC_LITERAL_CONVERSION = YES;
				CLANG_WARN_OBJC_ROOT_CLASS = YES_ERROR;
				CLANG_WARN_QUOTED_INCLUDE_IN_FRAMEWORK_HEADER = YES;
				CLANG_WARN_RANGE_LOOP_ANALYSIS = YES;
				CLANG_WARN_STRICT_PROTOTYPES = YES;
				CLANG_WARN_SUSPICIOUS_MOVE = YES;
				CLANG_WARN_UNGUARDED_AVAILABILITY = YES_AGGRESSIVE;
				CLANG_WARN_UNREACHABLE_CODE = YES;
				CLANG_WARN__DUPLICATE_METHOD_MATCH = YES;
				COPY_PHASE_STRIP = NO;
				DEBUG_INFORMATION_FORMAT = dwarf;
				ENABLE_STRICT_OBJC_MSGSEND = YES;
				ENABLE_TESTABILITY = YES;
				GCC_C_LANGUAGE_STANDARD = gnu11;
				GCC_DYNAMIC_NO_PIC = NO;
				GCC_NO_COMMON_BLOCKS = YES;
				GCC_OPTIMIZATION_LEVEL = 0;
				GCC_PREPROCESSOR_DEFINITIONS = (
					"DEBUG=1",
					"$(inherited)",
				);
				GCC_WARN_64_TO_32_BIT_CONVERSION = YES;
				GCC_WARN_ABOUT_RETURN_TYPE = YES_ERROR;
				GCC_WARN_UNDECLARED_SELECTOR = YES;
				GCC_WARN_UNINITIALIZED_AUTOS = YES_AGGRESSIVE;
				GCC_WARN_UNUSED_FUNCTION = YES;
				GCC_WARN_UNUSED_VARIABLE = YES;
				IPHONEOS_DEPLOYMENT_TARGET = 15.0;
				MTL_ENABLE_DEBUG_INFO = INCLUDE_SOURCE;
				MTL_FAST_MATH = YES;
				ONLY_ACTIVE_ARCH = YES;
				SDKROOT = iphoneos;
				SWIFT_ACTIVE_COMPILATION_CONDITIONS = DEBUG;
				SWIFT_OPTIMIZATION_LEVEL = "-Onone";
			};
			name = Debug;
		};
		8CC805232719F83100AF4D99 /* Release */ = {
			isa = XCBuildConfiguration;
			buildSettings = {
				ALWAYS_SEARCH_USER_PATHS = NO;
				CLANG_ANALYZER_NONNULL = YES;
				CLANG_ANALYZER_NUMBER_OBJECT_CONVERSION = YES_AGGRESSIVE;
				CLANG_CXX_LANGUAGE_STANDARD = "gnu++17";
				CLANG_CXX_LIBRARY = "libc++";
				CLANG_ENABLE_MODULES = YES;
				CLANG_ENABLE_OBJC_ARC = YES;
				CLANG_ENABLE_OBJC_WEAK = YES;
				CLANG_WARN_BLOCK_CAPTURE_AUTORELEASING = YES;
				CLANG_WARN_BOOL_CONVERSION = YES;
				CLANG_WARN_COMMA = YES;
				CLANG_WARN_CONSTANT_CONVERSION = YES;
				CLANG_WARN_DEPRECATED_OBJC_IMPLEMENTATIONS = YES;
				CLANG_WARN_DIRECT_OBJC_ISA_USAGE = YES_ERROR;
				CLANG_WARN_DOCUMENTATION_COMMENTS = YES;
				CLANG_WARN_EMPTY_BODY = YES;
				CLANG_WARN_ENUM_CONVERSION = YES;
				CLANG_WARN_INFINITE_RECURSION = YES;
				CLANG_WARN_INT_CONVERSION = YES;
				CLANG_WARN_NON_LITERAL_NULL_CONVERSION = YES;
				CLANG_WARN_OBJC_IMPLICIT_RETAIN_SELF = YES;
				CLANG_WARN_OBJC_LITERAL_CONVERSION = YES;
				CLANG_WARN_OBJC_ROOT_CLASS = YES_ERROR;
				CLANG_WARN_QUOTED_INCLUDE_IN_FRAMEWORK_HEADER = YES;
				CLANG_WARN_RANGE_LOOP_ANALYSIS = YES;
				CLANG_WARN_STRICT_PROTOTYPES = YES;
				CLANG_WARN_SUSPICIOUS_MOVE = YES;
				CLANG_WARN_UNGUARDED_AVAILABILITY = YES_AGGRESSIVE;
				CLANG_WARN_UNREACHABLE_CODE = YES;
				CLANG_WARN__DUPLICATE_METHOD_MATCH = YES;
				COPY_PHASE_STRIP = NO;
				DEBUG_INFORMATION_FORMAT = "dwarf-with-dsym";
				ENABLE_NS_ASSERTIONS = NO;
				ENABLE_STRICT_OBJC_MSGSEND = YES;
				GCC_C_LANGUAGE_STANDARD = gnu11;
				GCC_NO_COMMON_BLOCKS = YES;
				GCC_WARN_64_TO_32_BIT_CONVERSION = YES;
				GCC_WARN_ABOUT_RETURN_TYPE = YES_ERROR;
				GCC_WARN_UNDECLARED_SELECTOR = YES;
				GCC_WARN_UNINITIALIZED_AUTOS = YES_AGGRESSIVE;
				GCC_WARN_UNUSED_FUNCTION = YES;
				GCC_WARN_UNUSED_VARIABLE = YES;
				IPHONEOS_DEPLOYMENT_TARGET = 15.0;
				MTL_ENABLE_DEBUG_INFO = NO;
				MTL_FAST_MATH = YES;
				SDKROOT = iphoneos;
				SWIFT_COMPILATION_MODE = wholemodule;
				SWIFT_OPTIMIZATION_LEVEL = "-O";
				VALIDATE_PRODUCT = YES;
			};
			name = Release;
		};
		8CC805252719F83100AF4D99 /* Debug */ = {
			isa = XCBuildConfiguration;
			buildSettings = {
				ASSETCATALOG_COMPILER_APPICON_NAME = AppIcon;
				ASSETCATALOG_COMPILER_GLOBAL_ACCENT_COLOR_NAME = AccentColor;
				CODE_SIGN_STYLE = Automatic;
				CURRENT_PROJECT_VERSION = 1;
				DEVELOPMENT_TEAM = Z4JMF9KZA4;
				GENERATE_INFOPLIST_FILE = YES;
				INFOPLIST_FILE = Pomodoro/Shared/Info.plist;
				INFOPLIST_KEY_UIApplicationSupportsIndirectInputEvents = YES;
				INFOPLIST_KEY_UILaunchStoryboardName = LaunchScreen;
				INFOPLIST_KEY_UISupportedInterfaceOrientations = UIInterfaceOrientationPortrait;
				INFOPLIST_KEY_UISupportedInterfaceOrientations_iPad = "UIInterfaceOrientationPortrait UIInterfaceOrientationPortraitUpsideDown UIInterfaceOrientationLandscapeLeft UIInterfaceOrientationLandscapeRight";
				INFOPLIST_KEY_UISupportedInterfaceOrientations_iPhone = "UIInterfaceOrientationPortrait UIInterfaceOrientationPortrait UIInterfaceOrientationPortrait";
				LD_RUNPATH_SEARCH_PATHS = (
					"$(inherited)",
					"@executable_path/Frameworks",
				);
				MARKETING_VERSION = 1.0;
				PRODUCT_BUNDLE_IDENTIFIER = com.SzymonTadrzak.Pomodoro;
				PRODUCT_NAME = "$(TARGET_NAME)";
				SWIFT_EMIT_LOC_STRINGS = YES;
				SWIFT_VERSION = 5.0;
				TARGETED_DEVICE_FAMILY = 1;
			};
			name = Debug;
		};
		8CC805262719F83100AF4D99 /* Release */ = {
			isa = XCBuildConfiguration;
			buildSettings = {
				ASSETCATALOG_COMPILER_APPICON_NAME = AppIcon;
				ASSETCATALOG_COMPILER_GLOBAL_ACCENT_COLOR_NAME = AccentColor;
				CODE_SIGN_STYLE = Automatic;
				CURRENT_PROJECT_VERSION = 1;
				DEVELOPMENT_TEAM = Z4JMF9KZA4;
				GENERATE_INFOPLIST_FILE = YES;
				INFOPLIST_FILE = Pomodoro/Shared/Info.plist;
				INFOPLIST_KEY_UIApplicationSupportsIndirectInputEvents = YES;
				INFOPLIST_KEY_UILaunchStoryboardName = LaunchScreen;
				INFOPLIST_KEY_UISupportedInterfaceOrientations = UIInterfaceOrientationPortrait;
				INFOPLIST_KEY_UISupportedInterfaceOrientations_iPad = "UIInterfaceOrientationPortrait UIInterfaceOrientationPortraitUpsideDown UIInterfaceOrientationLandscapeLeft UIInterfaceOrientationLandscapeRight";
				INFOPLIST_KEY_UISupportedInterfaceOrientations_iPhone = "UIInterfaceOrientationPortrait UIInterfaceOrientationPortrait UIInterfaceOrientationPortrait";
				LD_RUNPATH_SEARCH_PATHS = (
					"$(inherited)",
					"@executable_path/Frameworks",
				);
				MARKETING_VERSION = 1.0;
				PRODUCT_BUNDLE_IDENTIFIER = com.SzymonTadrzak.Pomodoro;
				PRODUCT_NAME = "$(TARGET_NAME)";
				SWIFT_EMIT_LOC_STRINGS = YES;
				SWIFT_VERSION = 5.0;
				TARGETED_DEVICE_FAMILY = 1;
			};
			name = Release;
		};
/* End XCBuildConfiguration section */

/* Begin XCConfigurationList section */
		8CC805082719F82B00AF4D99 /* Build configuration list for PBXProject "Pomodoro" */ = {
			isa = XCConfigurationList;
			buildConfigurations = (
				8CC805222719F83100AF4D99 /* Debug */,
				8CC805232719F83100AF4D99 /* Release */,
			);
			defaultConfigurationIsVisible = 0;
			defaultConfigurationName = Release;
		};
		8CC805242719F83100AF4D99 /* Build configuration list for PBXNativeTarget "Pomodoro" */ = {
			isa = XCConfigurationList;
			buildConfigurations = (
				8CC805252719F83100AF4D99 /* Debug */,
				8CC805262719F83100AF4D99 /* Release */,
			);
			defaultConfigurationIsVisible = 0;
			defaultConfigurationName = Release;
		};
/* End XCConfigurationList section */
	};
	rootObject = 8CC805052719F82B00AF4D99 /* Project object */;
}
